# generated by rye
# use `rye lock` or `rye sync` to update this lockfile
#
# last locked with the following flags:
#   pre: false
#   features: []
#   all-features: false
#   with-sources: false
#   generate-hashes: false
#   universal: false

-e file:.
absl-py==2.1.0
    # via keras
    # via tensorboard
    # via tensorflow
astunparse==1.6.3
    # via tensorflow
captcha==0.6.0
    # via captcha-solver
certifi==2024.8.30
    # via requests
charset-normalizer==3.4.0
    # via requests
contourpy==1.3.1
    # via matplotlib
cycler==0.12.1
    # via matplotlib
flatbuffers==24.3.25
    # via tensorflow
fonttools==4.55.0
    # via matplotlib
gast==0.6.0
    # via tensorflow
google-pasta==0.2.0
    # via tensorflow
grpcio==1.68.0
    # via tensorboard
    # via tensorflow
h5py==3.12.1
    # via keras
    # via tensorflow
idna==3.10
    # via requests
keras==3.6.0
    # via tensorflow
kiwisolver==1.4.7
    # via matplotlib
libclang==18.1.1
    # via tensorflow
loguru==0.7.2
    # via captcha-solver
markdown==3.7
    # via tensorboard
markdown-it-py==3.0.0
    # via rich
markupsafe==3.0.2
    # via werkzeug
matplotlib==3.9.2
    # via captcha-solver
mdurl==0.1.2
    # via markdown-it-py
ml-dtypes==0.4.1
    # via keras
    # via tensorflow
namex==0.0.8
    # via keras
numpy==2.0.2
    # via contourpy
    # via h5py
    # via keras
    # via matplotlib
    # via ml-dtypes
    # via tensorboard
    # via tensorflow
opt-einsum==3.4.0
    # via tensorflow
optree==0.13.1
    # via keras
packaging==24.2
    # via keras
    # via matplotlib
    # via tensorboard
    # via tensorflow
pillow==11.0.0
    # via captcha
    # via captcha-solver
    # via matplotlib
protobuf==5.28.3
    # via tensorboard
    # via tensorflow
pygments==2.18.0
    # via rich
pyparsing==3.2.0
    # via matplotlib
python-dateutil==2.9.0.post0
    # via matplotlib
requests==2.32.3
    # via tensorflow
rich==13.9.4
    # via keras
ruff==0.7.4
setuptools==75.6.0
    # via tensorboard
    # via tensorflow
six==1.16.0
    # via astunparse
    # via google-pasta
    # via python-dateutil
    # via tensorboard
    # via tensorflow
tensorboard==2.18.0
    # via tensorflow
tensorboard-data-server==0.7.2
    # via tensorboard
tensorflow==2.18.0
    # via captcha-solver
termcolor==2.5.0
    # via tensorflow
tqdm==4.67.0
    # via captcha-solver
typing-extensions==4.12.2
    # via optree
    # via tensorflow
urllib3==2.2.3
    # via requests
werkzeug==3.1.3
    # via tensorboard
wheel==0.45.0
    # via astunparse
wrapt==1.16.0
    # via tensorflow
